// !$*UTF8*$!
{
	archiveVersion = 1;
	classes = {
	};
	objectVersion = 55;
	objects = {

/* Begin PBXBuildFile section */
		343AD2AE2839133F0081F20D /* GitHubActionsUITests.swift in Sources */ = {isa = PBXBuildFile; fileRef = 343AD2AD2839133F0081F20D /* GitHubActionsUITests.swift */; };
		34BD4AA328327D8E00B550CA /* AppDelegate.swift in Sources */ = {isa = PBXBuildFile; fileRef = 34BD4AA228327D8E00B550CA /* AppDelegate.swift */; };
		34BD4AA528327D8E00B550CA /* SceneDelegate.swift in Sources */ = {isa = PBXBuildFile; fileRef = 34BD4AA428327D8E00B550CA /* SceneDelegate.swift */; };
		34BD4AA728327D8E00B550CA /* ViewController.swift in Sources */ = {isa = PBXBuildFile; fileRef = 34BD4AA628327D8E00B550CA /* ViewController.swift */; };
		34BD4AAA28327D8E00B550CA /* Main.storyboard in Resources */ = {isa = PBXBuildFile; fileRef = 34BD4AA828327D8E00B550CA /* Main.storyboard */; };
		34BD4AAC28327D8E00B550CA /* Assets.xcassets in Resources */ = {isa = PBXBuildFile; fileRef = 34BD4AAB28327D8E00B550CA /* Assets.xcassets */; };
		34BD4AAF28327D8E00B550CA /* LaunchScreen.storyboard in Resources */ = {isa = PBXBuildFile; fileRef = 34BD4AAD28327D8E00B550CA /* LaunchScreen.storyboard */; };
		34BD4ABA28327D8F00B550CA /* GitHubActionsTests.swift in Sources */ = {isa = PBXBuildFile; fileRef = 34BD4AB928327D8F00B550CA /* GitHubActionsTests.swift */; };
/* End PBXBuildFile section */

/* Begin PBXContainerItemProxy section */
		343AD2B12839133F0081F20D /* PBXContainerItemProxy */ = {
			isa = PBXContainerItemProxy;
			containerPortal = 34BD4A9728327D8E00B550CA /* Project object */;
			proxyType = 1;
			remoteGlobalIDString = 34BD4A9E28327D8E00B550CA;
			remoteInfo = GitHubActions;
		};
		34BD4AB628327D8F00B550CA /* PBXContainerItemProxy */ = {
			isa = PBXContainerItemProxy;
			containerPortal = 34BD4A9728327D8E00B550CA /* Project object */;
			proxyType = 1;
			remoteGlobalIDString = 34BD4A9E28327D8E00B550CA;
			remoteInfo = GitHubActions;
		};
/* End PBXContainerItemProxy section */

/* Begin PBXFileReference section */
		343AD2AB2839133F0081F20D /* GitHubActionsUITests.xctest */ = {isa = PBXFileReference; explicitFileType = wrapper.cfbundle; includeInIndex = 0; path = GitHubActionsUITests.xctest; sourceTree = BUILT_PRODUCTS_DIR; };
		343AD2AD2839133F0081F20D /* GitHubActionsUITests.swift */ = {isa = PBXFileReference; lastKnownFileType = sourcecode.swift; path = GitHubActionsUITests.swift; sourceTree = "<group>"; };
		34BD4A9F28327D8E00B550CA /* GitHubActions.app */ = {isa = PBXFileReference; explicitFileType = wrapper.application; includeInIndex = 0; path = GitHubActions.app; sourceTree = BUILT_PRODUCTS_DIR; };
		34BD4AA228327D8E00B550CA /* AppDelegate.swift */ = {isa = PBXFileReference; lastKnownFileType = sourcecode.swift; path = AppDelegate.swift; sourceTree = "<group>"; };
		34BD4AA428327D8E00B550CA /* SceneDelegate.swift */ = {isa = PBXFileReference; lastKnownFileType = sourcecode.swift; path = SceneDelegate.swift; sourceTree = "<group>"; };
		34BD4AA628327D8E00B550CA /* ViewController.swift */ = {isa = PBXFileReference; lastKnownFileType = sourcecode.swift; path = ViewController.swift; sourceTree = "<group>"; };
		34BD4AA928327D8E00B550CA /* Base */ = {isa = PBXFileReference; lastKnownFileType = file.storyboard; name = Base; path = Base.lproj/Main.storyboard; sourceTree = "<group>"; };
		34BD4AAB28327D8E00B550CA /* Assets.xcassets */ = {isa = PBXFileReference; lastKnownFileType = folder.assetcatalog; path = Assets.xcassets; sourceTree = "<group>"; };
		34BD4AAE28327D8E00B550CA /* Base */ = {isa = PBXFileReference; lastKnownFileType = file.storyboard; name = Base; path = Base.lproj/LaunchScreen.storyboard; sourceTree = "<group>"; };
		34BD4AB028327D8E00B550CA /* Info.plist */ = {isa = PBXFileReference; lastKnownFileType = text.plist.xml; path = Info.plist; sourceTree = "<group>"; };
		34BD4AB528327D8F00B550CA /* GitHubActionsTests.xctest */ = {isa = PBXFileReference; explicitFileType = wrapper.cfbundle; includeInIndex = 0; path = GitHubActionsTests.xctest; sourceTree = BUILT_PRODUCTS_DIR; };
		34BD4AB928327D8F00B550CA /* GitHubActionsTests.swift */ = {isa = PBXFileReference; lastKnownFileType = sourcecode.swift; path = GitHubActionsTests.swift; sourceTree = "<group>"; };
/* End PBXFileReference section */

/* Begin PBXFrameworksBuildPhase section */
		343AD2A82839133F0081F20D /* Frameworks */ = {
			isa = PBXFrameworksBuildPhase;
			buildActionMask = 2147483647;
			files = (
			);
			runOnlyForDeploymentPostprocessing = 0;
		};
		34BD4A9C28327D8E00B550CA /* Frameworks */ = {
			isa = PBXFrameworksBuildPhase;
			buildActionMask = 2147483647;
			files = (
			);
			runOnlyForDeploymentPostprocessing = 0;
		};
		34BD4AB228327D8F00B550CA /* Frameworks */ = {
			isa = PBXFrameworksBuildPhase;
			buildActionMask = 2147483647;
			files = (
			);
			runOnlyForDeploymentPostprocessing = 0;
		};
/* End PBXFrameworksBuildPhase section */

/* Begin PBXGroup section */
		343AD2AC2839133F0081F20D /* GitHubActionsUITests */ = {
			isa = PBXGroup;
			children = (
				343AD2AD2839133F0081F20D /* GitHubActionsUITests.swift */,
			);
			path = GitHubActionsUITests;
			sourceTree = "<group>";
		};
		34BD4A9628327D8E00B550CA = {
			isa = PBXGroup;
			children = (
				34BD4AA128327D8E00B550CA /* GitHubActions */,
				34BD4AB828327D8F00B550CA /* GitHubActionsTests */,
				343AD2AC2839133F0081F20D /* GitHubActionsUITests */,
				34BD4AA028327D8E00B550CA /* Products */,
			);
			sourceTree = "<group>";
		};
		34BD4AA028327D8E00B550CA /* Products */ = {
			isa = PBXGroup;
			children = (
				34BD4A9F28327D8E00B550CA /* GitHubActions.app */,
				34BD4AB528327D8F00B550CA /* GitHubActionsTests.xctest */,
				343AD2AB2839133F0081F20D /* GitHubActionsUITests.xctest */,
			);
			name = Products;
			sourceTree = "<group>";
		};
		34BD4AA128327D8E00B550CA /* GitHubActions */ = {
			isa = PBXGroup;
			children = (
				34BD4AA228327D8E00B550CA /* AppDelegate.swift */,
				34BD4AA428327D8E00B550CA /* SceneDelegate.swift */,
				34BD4AA628327D8E00B550CA /* ViewController.swift */,
				34BD4AA828327D8E00B550CA /* Main.storyboard */,
				34BD4AAB28327D8E00B550CA /* Assets.xcassets */,
				34BD4AAD28327D8E00B550CA /* LaunchScreen.storyboard */,
				34BD4AB028327D8E00B550CA /* Info.plist */,
			);
			path = GitHubActions;
			sourceTree = "<group>";
		};
		34BD4AB828327D8F00B550CA /* GitHubActionsTests */ = {
			isa = PBXGroup;
			children = (
				34BD4AB928327D8F00B550CA /* GitHubActionsTests.swift */,
			);
			path = GitHubActionsTests;
			sourceTree = "<group>";
		};
/* End PBXGroup section */

/* Begin PBXNativeTarget section */
		343AD2AA2839133F0081F20D /* GitHubActionsUITests */ = {
			isa = PBXNativeTarget;
			buildConfigurationList = 343AD2B52839133F0081F20D /* Build configuration list for PBXNativeTarget "GitHubActionsUITests" */;
			buildPhases = (
				343AD2A72839133F0081F20D /* Sources */,
				343AD2A82839133F0081F20D /* Frameworks */,
				343AD2A92839133F0081F20D /* Resources */,
			);
			buildRules = (
			);
			dependencies = (
				343AD2B22839133F0081F20D /* PBXTargetDependency */,
			);
			name = GitHubActionsUITests;
			productName = GitHubActionsUITests;
			productReference = 343AD2AB2839133F0081F20D /* GitHubActionsUITests.xctest */;
			productType = "com.apple.product-type.bundle.ui-testing";
		};
		34BD4A9E28327D8E00B550CA /* GitHubActions */ = {
			isa = PBXNativeTarget;
			buildConfigurationList = 34BD4AC928327D8F00B550CA /* Build configuration list for PBXNativeTarget "GitHubActions" */;
			buildPhases = (
				34BD4A9B28327D8E00B550CA /* Sources */,
				34BD4A9C28327D8E00B550CA /* Frameworks */,
				34BD4A9D28327D8E00B550CA /* Resources */,
			);
			buildRules = (
			);
			dependencies = (
			);
			name = GitHubActions;
			productName = GitHubActions;
			productReference = 34BD4A9F28327D8E00B550CA /* GitHubActions.app */;
			productType = "com.apple.product-type.application";
		};
		34BD4AB428327D8F00B550CA /* GitHubActionsTests */ = {
			isa = PBXNativeTarget;
			buildConfigurationList = 34BD4ACC28327D8F00B550CA /* Build configuration list for PBXNativeTarget "GitHubActionsTests" */;
			buildPhases = (
				34BD4AB128327D8F00B550CA /* Sources */,
				34BD4AB228327D8F00B550CA /* Frameworks */,
				34BD4AB328327D8F00B550CA /* Resources */,
			);
			buildRules = (
			);
			dependencies = (
				34BD4AB728327D8F00B550CA /* PBXTargetDependency */,
			);
			name = GitHubActionsTests;
			productName = GitHubActionsTests;
			productReference = 34BD4AB528327D8F00B550CA /* GitHubActionsTests.xctest */;
			productType = "com.apple.product-type.bundle.unit-test";
		};
/* End PBXNativeTarget section */

/* Begin PBXProject section */
		34BD4A9728327D8E00B550CA /* Project object */ = {
			isa = PBXProject;
			attributes = {
				BuildIndependentTargetsInParallel = 1;
				LastSwiftUpdateCheck = 1330;
				LastUpgradeCheck = 1330;
				TargetAttributes = {
					343AD2AA2839133F0081F20D = {
						CreatedOnToolsVersion = 13.3;
						TestTargetID = 34BD4A9E28327D8E00B550CA;
					};
					34BD4A9E28327D8E00B550CA = {
						CreatedOnToolsVersion = 13.3;
					};
					34BD4AB428327D8F00B550CA = {
						CreatedOnToolsVersion = 13.3;
						TestTargetID = 34BD4A9E28327D8E00B550CA;
					};
				};
			};
			buildConfigurationList = 34BD4A9A28327D8E00B550CA /* Build configuration list for PBXProject "GitHubActions" */;
			compatibilityVersion = "Xcode 13.0";
			developmentRegion = en;
			hasScannedForEncodings = 0;
			knownRegions = (
				en,
				Base,
			);
			mainGroup = 34BD4A9628327D8E00B550CA;
			productRefGroup = 34BD4AA028327D8E00B550CA /* Products */;
			projectDirPath = "";
			projectRoot = "";
			targets = (
				34BD4A9E28327D8E00B550CA /* GitHubActions */,
				34BD4AB428327D8F00B550CA /* GitHubActionsTests */,
				343AD2AA2839133F0081F20D /* GitHubActionsUITests */,
			);
		};
/* End PBXProject section */

/* Begin PBXResourcesBuildPhase section */
		343AD2A92839133F0081F20D /* Resources */ = {
			isa = PBXResourcesBuildPhase;
			buildActionMask = 2147483647;
			files = (
			);
			runOnlyForDeploymentPostprocessing = 0;
		};
		34BD4A9D28327D8E00B550CA /* Resources */ = {
			isa = PBXResourcesBuildPhase;
			buildActionMask = 2147483647;
			files = (
				34BD4AAF28327D8E00B550CA /* LaunchScreen.storyboard in Resources */,
				34BD4AAC28327D8E00B550CA /* Assets.xcassets in Resources */,
				34BD4AAA28327D8E00B550CA /* Main.storyboard in Resources */,
			);
			runOnlyForDeploymentPostprocessing = 0;
		};
		34BD4AB328327D8F00B550CA /* Resources */ = {
			isa = PBXResourcesBuildPhase;
			buildActionMask = 2147483647;
			files = (
			);
			runOnlyForDeploymentPostprocessing = 0;
		};
/* End PBXResourcesBuildPhase section */

/* Begin PBXSourcesBuildPhase section */
		343AD2A72839133F0081F20D /* Sources */ = {
			isa = PBXSourcesBuildPhase;
			buildActionMask = 2147483647;
			files = (
				343AD2AE2839133F0081F20D /* GitHubActionsUITests.swift in Sources */,
			);
			runOnlyForDeploymentPostprocessing = 0;
		};
		34BD4A9B28327D8E00B550CA /* Sources */ = {
			isa = PBXSourcesBuildPhase;
			buildActionMask = 2147483647;
			files = (
				34BD4AA728327D8E00B550CA /* ViewController.swift in Sources */,
				34BD4AA328327D8E00B550CA /* AppDelegate.swift in Sources */,
				34BD4AA528327D8E00B550CA /* SceneDelegate.swift in Sources */,
			);
			runOnlyForDeploymentPostprocessing = 0;
		};
		34BD4AB128327D8F00B550CA /* Sources */ = {
			isa = PBXSourcesBuildPhase;
			buildActionMask = 2147483647;
			files = (
				34BD4ABA28327D8F00B550CA /* GitHubActionsTests.swift in Sources */,
			);
			runOnlyForDeploymentPostprocessing = 0;
		};
/* End PBXSourcesBuildPhase section */

/* Begin PBXTargetDependency section */
		343AD2B22839133F0081F20D /* PBXTargetDependency */ = {
			isa = PBXTargetDependency;
			target = 34BD4A9E28327D8E00B550CA /* GitHubActions */;
			targetProxy = 343AD2B12839133F0081F20D /* PBXContainerItemProxy */;
		};
		34BD4AB728327D8F00B550CA /* PBXTargetDependency */ = {
			isa = PBXTargetDependency;
			target = 34BD4A9E28327D8E00B550CA /* GitHubActions */;
			targetProxy = 34BD4AB628327D8F00B550CA /* PBXContainerItemProxy */;
		};
/* End PBXTargetDependency section */

/* Begin PBXVariantGroup section */
		34BD4AA828327D8E00B550CA /* Main.storyboard */ = {
			isa = PBXVariantGroup;
			children = (
				34BD4AA928327D8E00B550CA /* Base */,
			);
			name = Main.storyboard;
			sourceTree = "<group>";
		};
		34BD4AAD28327D8E00B550CA /* LaunchScreen.storyboard */ = {
			isa = PBXVariantGroup;
			children = (
				34BD4AAE28327D8E00B550CA /* Base */,
			);
			name = LaunchScreen.storyboard;
			sourceTree = "<group>";
		};
/* End PBXVariantGroup section */

/* Begin XCBuildConfiguration section */
		343AD2B32839133F0081F20D /* Debug */ = {
			isa = XCBuildConfiguration;
			buildSettings = {
				CODE_SIGN_STYLE = Automatic;
				CURRENT_PROJECT_VERSION = 1;
				DEVELOPMENT_TEAM = 6Y4S9AY8AF;
				GENERATE_INFOPLIST_FILE = YES;
				IPHONEOS_DEPLOYMENT_TARGET = 15.2;
				MARKETING_VERSION = 1.0;
				PRODUCT_BUNDLE_IDENTIFIER = com.some1.GitHubActionsUITests;
				PRODUCT_NAME = "$(TARGET_NAME)";
				SWIFT_EMIT_LOC_STRINGS = NO;
				SWIFT_VERSION = 5.0;
				TARGETED_DEVICE_FAMILY = "1,2";
				TEST_TARGET_NAME = GitHubActions;
			};
			name = Debug;
		};
		343AD2B42839133F0081F20D /* Release */ = {
			isa = XCBuildConfiguration;
			buildSettings = {
				CODE_SIGN_STYLE = Automatic;
				CURRENT_PROJECT_VERSION = 1;
				DEVELOPMENT_TEAM = 6Y4S9AY8AF;
				GENERATE_INFOPLIST_FILE = YES;
				IPHONEOS_DEPLOYMENT_TARGET = 15.2;
				MARKETING_VERSION = 1.0;
				PRODUCT_BUNDLE_IDENTIFIER = com.some1.GitHubActionsUITests;
				PRODUCT_NAME = "$(TARGET_NAME)";
				SWIFT_EMIT_LOC_STRINGS = NO;
				SWIFT_VERSION = 5.0;
				TARGETED_DEVICE_FAMILY = "1,2";
				TEST_TARGET_NAME = GitHubActions;
			};
			name = Release;
		};
		34BD4AC728327D8F00B550CA /* Debug */ = {
			isa = XCBuildConfiguration;
			buildSettings = {
				ALWAYS_SEARCH_USER_PATHS = NO;
				CLANG_ANALYZER_NONNULL = YES;
				CLANG_ANALYZER_NUMBER_OBJECT_CONVERSION = YES_AGGRESSIVE;
				CLANG_CXX_LANGUAGE_STANDARD = "gnu++17";
				CLANG_ENABLE_MODULES = YES;
				CLANG_ENABLE_OBJC_ARC = YES;
				CLANG_ENABLE_OBJC_WEAK = YES;
				CLANG_WARN_BLOCK_CAPTURE_AUTORELEASING = YES;
				CLANG_WARN_BOOL_CONVERSION = YES;
				CLANG_WARN_COMMA = YES;
				CLANG_WARN_CONSTANT_CONVERSION = YES;
				CLANG_WARN_DEPRECATED_OBJC_IMPLEMENTATIONS = YES;
				CLANG_WARN_DIRECT_OBJC_ISA_USAGE = YES_ERROR;
				CLANG_WARN_DOCUMENTATION_COMMENTS = YES;
				CLANG_WARN_EMPTY_BODY = YES;
				CLANG_WARN_ENUM_CONVERSION = YES;
				CLANG_WARN_INFINITE_RECURSION = YES;
				CLANG_WARN_INT_CONVERSION = YES;
				CLANG_WARN_NON_LITERAL_NULL_CONVERSION = YES;
				CLANG_WARN_OBJC_IMPLICIT_RETAIN_SELF = YES;
				CLANG_WARN_OBJC_LITERAL_CONVERSION = YES;
				CLANG_WARN_OBJC_ROOT_CLASS = YES_ERROR;
				CLANG_WARN_QUOTED_INCLUDE_IN_FRAMEWORK_HEADER = YES;
				CLANG_WARN_RANGE_LOOP_ANALYSIS = YES;
				CLANG_WARN_STRICT_PROTOTYPES = YES;
				CLANG_WARN_SUSPICIOUS_MOVE = YES;
				CLANG_WARN_UNGUARDED_AVAILABILITY = YES_AGGRESSIVE;
				CLANG_WARN_UNREACHABLE_CODE = YES;
				CLANG_WARN__DUPLICATE_METHOD_MATCH = YES;
				COPY_PHASE_STRIP = NO;
				DEBUG_INFORMATION_FORMAT = dwarf;
				ENABLE_STRICT_OBJC_MSGSEND = YES;
				ENABLE_TESTABILITY = YES;
				GCC_C_LANGUAGE_STANDARD = gnu11;
				GCC_DYNAMIC_NO_PIC = NO;
				GCC_NO_COMMON_BLOCKS = YES;
				GCC_OPTIMIZATION_LEVEL = 0;
				GCC_PREPROCESSOR_DEFINITIONS = (
					"DEBUG=1",
					"$(inherited)",
				);
				GCC_WARN_64_TO_32_BIT_CONVERSION = YES;
				GCC_WARN_ABOUT_RETURN_TYPE = YES_ERROR;
				GCC_WARN_UNDECLARED_SELECTOR = YES;
				GCC_WARN_UNINITIALIZED_AUTOS = YES_AGGRESSIVE;
				GCC_WARN_UNUSED_FUNCTION = YES;
				GCC_WARN_UNUSED_VARIABLE = YES;
				IPHONEOS_DEPLOYMENT_TARGET = 15.2;
				MTL_ENABLE_DEBUG_INFO = INCLUDE_SOURCE;
				MTL_FAST_MATH = YES;
				ONLY_ACTIVE_ARCH = YES;
				SDKROOT = iphoneos;
				SWIFT_ACTIVE_COMPILATION_CONDITIONS = DEBUG;
				SWIFT_OPTIMIZATION_LEVEL = "-Onone";
			};
			name = Debug;
		};
		34BD4AC828327D8F00B550CA /* Release */ = {
			isa = XCBuildConfiguration;
			buildSettings = {
				ALWAYS_SEARCH_USER_PATHS = NO;
				CLANG_ANALYZER_NONNULL = YES;
				CLANG_ANALYZER_NUMBER_OBJECT_CONVERSION = YES_AGGRESSIVE;
				CLANG_CXX_LANGUAGE_STANDARD = "gnu++17";
				CLANG_ENABLE_MODULES = YES;
				CLANG_ENABLE_OBJC_ARC = YES;
				CLANG_ENABLE_OBJC_WEAK = YES;
				CLANG_WARN_BLOCK_CAPTURE_AUTORELEASING = YES;
				CLANG_WARN_BOOL_CONVERSION = YES;
				CLANG_WARN_COMMA = YES;
				CLANG_WARN_CONSTANT_CONVERSION = YES;
				CLANG_WARN_DEPRECATED_OBJC_IMPLEMENTATIONS = YES;
				CLANG_WARN_DIRECT_OBJC_ISA_USAGE = YES_ERROR;
				CLANG_WARN_DOCUMENTATION_COMMENTS = YES;
				CLANG_WARN_EMPTY_BODY = YES;
				CLANG_WARN_ENUM_CONVERSION = YES;
				CLANG_WARN_INFINITE_RECURSION = YES;
				CLANG_WARN_INT_CONVERSION = YES;
				CLANG_WARN_NON_LITERAL_NULL_CONVERSION = YES;
				CLANG_WARN_OBJC_IMPLICIT_RETAIN_SELF = YES;
				CLANG_WARN_OBJC_LITERAL_CONVERSION = YES;
				CLANG_WARN_OBJC_ROOT_CLASS = YES_ERROR;
				CLANG_WARN_QUOTED_INCLUDE_IN_FRAMEWORK_HEADER = YES;
				CLANG_WARN_RANGE_LOOP_ANALYSIS = YES;
				CLANG_WARN_STRICT_PROTOTYPES = YES;
				CLANG_WARN_SUSPICIOUS_MOVE = YES;
				CLANG_WARN_UNGUARDED_AVAILABILITY = YES_AGGRESSIVE;
				CLANG_WARN_UNREACHABLE_CODE = YES;
				CLANG_WARN__DUPLICATE_METHOD_MATCH = YES;
				COPY_PHASE_STRIP = NO;
				DEBUG_INFORMATION_FORMAT = "dwarf-with-dsym";
				ENABLE_NS_ASSERTIONS = NO;
				ENABLE_STRICT_OBJC_MSGSEND = YES;
				GCC_C_LANGUAGE_STANDARD = gnu11;
				GCC_NO_COMMON_BLOCKS = YES;
				GCC_WARN_64_TO_32_BIT_CONVERSION = YES;
				GCC_WARN_ABOUT_RETURN_TYPE = YES_ERROR;
				GCC_WARN_UNDECLARED_SELECTOR = YES;
				GCC_WARN_UNINITIALIZED_AUTOS = YES_AGGRESSIVE;
				GCC_WARN_UNUSED_FUNCTION = YES;
				GCC_WARN_UNUSED_VARIABLE = YES;
				IPHONEOS_DEPLOYMENT_TARGET = 15.2;
				MTL_ENABLE_DEBUG_INFO = NO;
				MTL_FAST_MATH = YES;
				SDKROOT = iphoneos;
				SWIFT_COMPILATION_MODE = wholemodule;
				SWIFT_OPTIMIZATION_LEVEL = "-O";
				VALIDATE_PRODUCT = YES;
			};
			name = Release;
		};
		34BD4ACA28327D8F00B550CA /* Debug */ = {
			isa = XCBuildConfiguration;
			buildSettings = {
				ASSETCATALOG_COMPILER_APPICON_NAME = AppIcon;
				ASSETCATALOG_COMPILER_GLOBAL_ACCENT_COLOR_NAME = AccentColor;
				CODE_SIGN_STYLE = Automatic;
				CURRENT_PROJECT_VERSION = 1;
				DEVELOPMENT_TEAM = 6Y4S9AY8AF;
				GENERATE_INFOPLIST_FILE = YES;
				INFOPLIST_FILE = GitHubActions/Info.plist;
				INFOPLIST_KEY_UIApplicationSupportsIndirectInputEvents = YES;
				INFOPLIST_KEY_UILaunchStoryboardName = LaunchScreen;
				INFOPLIST_KEY_UIMainStoryboardFile = Main;
				INFOPLIST_KEY_UISupportedInterfaceOrientations_iPad = "UIInterfaceOrientationPortrait UIInterfaceOrientationPortraitUpsideDown UIInterfaceOrientationLandscapeLeft UIInterfaceOrientationLandscapeRight";
				INFOPLIST_KEY_UISupportedInterfaceOrientations_iPhone = "UIInterfaceOrientationPortrait UIInterfaceOrientationLandscapeLeft UIInterfaceOrientationLandscapeRight";
				LD_RUNPATH_SEARCH_PATHS = (
					"$(inherited)",
					"@executable_path/Frameworks",
				);
				MARKETING_VERSION = 1.0;
				PRODUCT_BUNDLE_IDENTIFIER = com.some1.GitHubActions;
				PRODUCT_NAME = "$(TARGET_NAME)";
				SWIFT_EMIT_LOC_STRINGS = YES;
				SWIFT_VERSION = 5.0;
				TARGETED_DEVICE_FAMILY = "1,2";
			};
			name = Debug;
		};
		34BD4ACB28327D8F00B550CA /* Release */ = {
			isa = XCBuildConfiguration;
			buildSettings = {
				ASSETCATALOG_COMPILER_APPICON_NAME = AppIcon;
				ASSETCATALOG_COMPILER_GLOBAL_ACCENT_COLOR_NAME = AccentColor;
				CODE_SIGN_STYLE = Automatic;
				CURRENT_PROJECT_VERSION = 1;
				DEVELOPMENT_TEAM = 6Y4S9AY8AF;
				GENERATE_INFOPLIST_FILE = YES;
				INFOPLIST_FILE = GitHubActions/Info.plist;
				INFOPLIST_KEY_UIApplicationSupportsIndirectInputEvents = YES;
				INFOPLIST_KEY_UILaunchStoryboardName = LaunchScreen;
				INFOPLIST_KEY_UIMainStoryboardFile = Main;
				INFOPLIST_KEY_UISupportedInterfaceOrientations_iPad = "UIInterfaceOrientationPortrait UIInterfaceOrientationPortraitUpsideDown UIInterfaceOrientationLandscapeLeft UIInterfaceOrientationLandscapeRight";
				INFOPLIST_KEY_UISupportedInterfaceOrientations_iPhone = "UIInterfaceOrientationPortrait UIInterfaceOrientationLandscapeLeft UIInterfaceOrientationLandscapeRight";
				LD_RUNPATH_SEARCH_PATHS = (
					"$(inherited)",
					"@executable_path/Frameworks",
				);
				MARKETING_VERSION = 1.0;
				PRODUCT_BUNDLE_IDENTIFIER = com.some1.GitHubActions;
				PRODUCT_NAME = "$(TARGET_NAME)";
				SWIFT_EMIT_LOC_STRINGS = YES;
				SWIFT_VERSION = 5.0;
				TARGETED_DEVICE_FAMILY = "1,2";
			};
			name = Release;
		};
		34BD4ACD28327D8F00B550CA /* Debug */ = {
			isa = XCBuildConfiguration;
			buildSettings = {
				ALWAYS_EMBED_SWIFT_STANDARD_LIBRARIES = YES;
				BUNDLE_LOADER = "$(TEST_HOST)";
				CODE_SIGN_STYLE = Automatic;
				CURRENT_PROJECT_VERSION = 1;
				DEVELOPMENT_TEAM = 6Y4S9AY8AF;
				GENERATE_INFOPLIST_FILE = YES;
				IPHONEOS_DEPLOYMENT_TARGET = 15.2;
				MARKETING_VERSION = 1.0;
				PRODUCT_BUNDLE_IDENTIFIER = com.some1.GitHubActionsTests;
				PRODUCT_NAME = "$(TARGET_NAME)";
				SWIFT_EMIT_LOC_STRINGS = NO;
				SWIFT_VERSION = 5.0;
				TARGETED_DEVICE_FAMILY = "1,2";
				TEST_HOST = "$(BUILT_PRODUCTS_DIR)/GitHubActions.app/GitHubActions";
			};
			name = Debug;
		};
		34BD4ACE28327D8F00B550CA /* Release */ = {
			isa = XCBuildConfiguration;
			buildSettings = {
				ALWAYS_EMBED_SWIFT_STANDARD_LIBRARIES = YES;
				BUNDLE_LOADER = "$(TEST_HOST)";
				CODE_SIGN_STYLE = Automatic;
				CURRENT_PROJECT_VERSION = 1;
				DEVELOPMENT_TEAM = 6Y4S9AY8AF;
				GENERATE_INFOPLIST_FILE = YES;
				IPHONEOS_DEPLOYMENT_TARGET = 15.2;
				MARKETING_VERSION = 1.0;
				PRODUCT_BUNDLE_IDENTIFIER = com.some1.GitHubActionsTests;
				PRODUCT_NAME = "$(TARGET_NAME)";
				SWIFT_EMIT_LOC_STRINGS = NO;
				SWIFT_VERSION = 5.0;
				TARGETED_DEVICE_FAMILY = "1,2";
				TEST_HOST = "$(BUILT_PRODUCTS_DIR)/GitHubActions.app/GitHubActions";
			};
			name = Release;
		};
/* End XCBuildConfiguration section */

/* Begin XCConfigurationList section */
		343AD2B52839133F0081F20D /* Build configuration list for PBXNativeTarget "GitHubActionsUITests" */ = {
			isa = XCConfigurationList;
			buildConfigurations = (
				343AD2B32839133F0081F20D /* Debug */,
				343AD2B42839133F0081F20D /* Release */,
			);
			defaultConfigurationIsVisible = 0;
			defaultConfigurationName = Release;
		};
		34BD4A9A28327D8E00B550CA /* Build configuration list for PBXProject "GitHubActions" */ = {
			isa = XCConfigurationList;
			buildConfigurations = (
				34BD4AC728327D8F00B550CA /* Debug */,
				34BD4AC828327D8F00B550CA /* Release */,
			);
			defaultConfigurationIsVisible = 0;
			defaultConfigurationName = Release;
		};
		34BD4AC928327D8F00B550CA /* Build configuration list for PBXNativeTarget "GitHubActions" */ = {
			isa = XCConfigurationList;
			buildConfigurations = (
				34BD4ACA28327D8F00B550CA /* Debug */,
				34BD4ACB28327D8F00B550CA /* Release */,
			);
			defaultConfigurationIsVisible = 0;
			defaultConfigurationName = Release;
		};
		34BD4ACC28327D8F00B550CA /* Build configuration list for PBXNativeTarget "GitHubActionsTests" */ = {
			isa = XCConfigurationList;
			buildConfigurations = (
				34BD4ACD28327D8F00B550CA /* Debug */,
				34BD4ACE28327D8F00B550CA /* Release */,
			);
			defaultConfigurationIsVisible = 0;
			defaultConfigurationName = Release;
		};
/* End XCConfigurationList section */
	};
	rootObject = 34BD4A9728327D8E00B550CA /* Project object */;
}
